// !$*UTF8*$!
{
	archiveVersion = 1;
	classes = {
	};
	objectVersion = 50;
	objects = {

/* Begin PBXBuildFile section */
		F30C679D23544717005BDC50 /* AppDelegate.m in Sources */ = {isa = PBXBuildFile; fileRef = F30C679C23544717005BDC50 /* AppDelegate.m */; };
		F30C67A023544717005BDC50 /* SceneDelegate.m in Sources */ = {isa = PBXBuildFile; fileRef = F30C679F23544717005BDC50 /* SceneDelegate.m */; };
		F30C67A323544717005BDC50 /* ViewController.m in Sources */ = {isa = PBXBuildFile; fileRef = F30C67A223544717005BDC50 /* ViewController.m */; };
		F30C67A623544717005BDC50 /* Main.storyboard in Resources */ = {isa = PBXBuildFile; fileRef = F30C67A423544717005BDC50 /* Main.storyboard */; };
		F30C67A823544719005BDC50 /* Assets.xcassets in Resources */ = {isa = PBXBuildFile; fileRef = F30C67A723544719005BDC50 /* Assets.xcassets */; };
		F30C67AB23544719005BDC50 /* LaunchScreen.storyboard in Resources */ = {isa = PBXBuildFile; fileRef = F30C67A923544719005BDC50 /* LaunchScreen.storyboard */; };
		F30C67AE23544719005BDC50 /* main.m in Sources */ = {isa = PBXBuildFile; fileRef = F30C67AD23544719005BDC50 /* main.m */; };
/* End PBXBuildFile section */

/* Begin PBXFileReference section */
		F30C679823544717005BDC50 /* webview_objectivec.app */ = {isa = PBXFileReference; explicitFileType = wrapper.application; includeInIndex = 0; path = webview_objectivec.app; sourceTree = BUILT_PRODUCTS_DIR; };
		F30C679B23544717005BDC50 /* AppDelegate.h */ = {isa = PBXFileReference; lastKnownFileType = sourcecode.c.h; path = AppDelegate.h; sourceTree = "<group>"; };
		F30C679C23544717005BDC50 /* AppDelegate.m */ = {isa = PBXFileReference; lastKnownFileType = sourcecode.c.objc; path = AppDelegate.m; sourceTree = "<group>"; };
		F30C679E23544717005BDC50 /* SceneDelegate.h */ = {isa = PBXFileReference; lastKnownFileType = sourcecode.c.h; path = SceneDelegate.h; sourceTree = "<group>"; };
		F30C679F23544717005BDC50 /* SceneDelegate.m */ = {isa = PBXFileReference; lastKnownFileType = sourcecode.c.objc; path = SceneDelegate.m; sourceTree = "<group>"; };
		F30C67A123544717005BDC50 /* ViewController.h */ = {isa = PBXFileReference; lastKnownFileType = sourcecode.c.h; path = ViewController.h; sourceTree = "<group>"; };
		F30C67A223544717005BDC50 /* ViewController.m */ = {isa = PBXFileReference; lastKnownFileType = sourcecode.c.objc; path = ViewController.m; sourceTree = "<group>"; };
		F30C67A523544717005BDC50 /* Base */ = {isa = PBXFileReference; lastKnownFileType = file.storyboard; name = Base; path = Base.lproj/Main.storyboard; sourceTree = "<group>"; };
		F30C67A723544719005BDC50 /* Assets.xcassets */ = {isa = PBXFileReference; lastKnownFileType = folder.assetcatalog; path = Assets.xcassets; sourceTree = "<group>"; };
		F30C67AA23544719005BDC50 /* Base */ = {isa = PBXFileReference; lastKnownFileType = file.storyboard; name = Base; path = Base.lproj/LaunchScreen.storyboard; sourceTree = "<group>"; };
		F30C67AC23544719005BDC50 /* Info.plist */ = {isa = PBXFileReference; lastKnownFileType = text.plist.xml; path = Info.plist; sourceTree = "<group>"; };
		F30C67AD23544719005BDC50 /* main.m */ = {isa = PBXFileReference; lastKnownFileType = sourcecode.c.objc; path = main.m; sourceTree = "<group>"; };
/* End PBXFileReference section */

/* Begin PBXFrameworksBuildPhase section */
		F30C679523544717005BDC50 /* Frameworks */ = {
			isa = PBXFrameworksBuildPhase;
			buildActionMask = 2147483647;
			files = (
			);
			runOnlyForDeploymentPostprocessing = 0;
		};
/* End PBXFrameworksBuildPhase section */

/* Begin PBXGroup section */
		F30C678F23544717005BDC50 = {
			isa = PBXGroup;
			children = (
				F30C679A23544717005BDC50 /* webview_objectivec */,
				F30C679923544717005BDC50 /* Products */,
			);
			sourceTree = "<group>";
		};
		F30C679923544717005BDC50 /* Products */ = {
			isa = PBXGroup;
			children = (
				F30C679823544717005BDC50 /* webview_objectivec.app */,
			);
			name = Products;
			sourceTree = "<group>";
		};
		F30C679A23544717005BDC50 /* webview_objectivec */ = {
			isa = PBXGroup;
			children = (
				F30C679B23544717005BDC50 /* AppDelegate.h */,
				F30C679C23544717005BDC50 /* AppDelegate.m */,
				F30C679E23544717005BDC50 /* SceneDelegate.h */,
				F30C679F23544717005BDC50 /* SceneDelegate.m */,
				F30C67A123544717005BDC50 /* ViewController.h */,
				F30C67A223544717005BDC50 /* ViewController.m */,
				F30C67A423544717005BDC50 /* Main.storyboard */,
				F30C67A723544719005BDC50 /* Assets.xcassets */,
				F30C67A923544719005BDC50 /* LaunchScreen.storyboard */,
				F30C67AC23544719005BDC50 /* Info.plist */,
				F30C67AD23544719005BDC50 /* main.m */,
			);
			path = webview_objectivec;
			sourceTree = "<group>";
		};
/* End PBXGroup section */

/* Begin PBXNativeTarget section */
		F30C679723544717005BDC50 /* webview_objectivec */ = {
			isa = PBXNativeTarget;
			buildConfigurationList = F30C67B123544719005BDC50 /* Build configuration list for PBXNativeTarget "webview_objectivec" */;
			buildPhases = (
				F30C679423544717005BDC50 /* Sources */,
				F30C679523544717005BDC50 /* Frameworks */,
				F30C679623544717005BDC50 /* Resources */,
			);
			buildRules = (
			);
			dependencies = (
			);
			name = webview_objectivec;
			productName = webview_objectivec;
			productReference = F30C679823544717005BDC50 /* webview_objectivec.app */;
			productType = "com.apple.product-type.application";
		};
/* End PBXNativeTarget section */

/* Begin PBXProject section */
		F30C679023544717005BDC50 /* Project object */ = {
			isa = PBXProject;
			attributes = {
				LastUpgradeCheck = 1110;
				ORGANIZATIONNAME = "jinreol kim";
				TargetAttributes = {
					F30C679723544717005BDC50 = {
						CreatedOnToolsVersion = 11.1;
					};
				};
			};
			buildConfigurationList = F30C679323544717005BDC50 /* Build configuration list for PBXProject "webview_objectivec" */;
			compatibilityVersion = "Xcode 9.3";
			developmentRegion = en;
			hasScannedForEncodings = 0;
			knownRegions = (
				en,
				Base,
			);
			mainGroup = F30C678F23544717005BDC50;
			productRefGroup = F30C679923544717005BDC50 /* Products */;
			projectDirPath = "";
			projectRoot = "";
			targets = (
				F30C679723544717005BDC50 /* webview_objectivec */,
			);
		};
/* End PBXProject section */

/* Begin PBXResourcesBuildPhase section */
		F30C679623544717005BDC50 /* Resources */ = {
			isa = PBXResourcesBuildPhase;
			buildActionMask = 2147483647;
			files = (
				F30C67AB23544719005BDC50 /* LaunchScreen.storyboard in Resources */,
				F30C67A823544719005BDC50 /* Assets.xcassets in Resources */,
				F30C67A623544717005BDC50 /* Main.storyboard in Resources */,
			);
			runOnlyForDeploymentPostprocessing = 0;
		};
/* End PBXResourcesBuildPhase section */

/* Begin PBXSourcesBuildPhase section */
		F30C679423544717005BDC50 /* Sources */ = {
			isa = PBXSourcesBuildPhase;
			buildActionMask = 2147483647;
			files = (
				F30C67A323544717005BDC50 /* ViewController.m in Sources */,
				F30C679D23544717005BDC50 /* AppDelegate.m in Sources */,
				F30C67AE23544719005BDC50 /* main.m in Sources */,
				F30C67A023544717005BDC50 /* SceneDelegate.m in Sources */,
			);
			runOnlyForDeploymentPostprocessing = 0;
		};
/* End PBXSourcesBuildPhase section */

/* Begin PBXVariantGroup section */
		F30C67A423544717005BDC50 /* Main.storyboard */ = {
			isa = PBXVariantGroup;
			children = (
				F30C67A523544717005BDC50 /* Base */,
			);
			name = Main.storyboard;
			sourceTree = "<group>";
		};
		F30C67A923544719005BDC50 /* LaunchScreen.storyboard */ = {
			isa = PBXVariantGroup;
			children = (
				F30C67AA23544719005BDC50 /* Base */,
			);
			name = LaunchScreen.storyboard;
			sourceTree = "<group>";
		};
/* End PBXVariantGroup section */

/* Begin XCBuildConfiguration section */
		F30C67AF23544719005BDC50 /* Debug */ = {
			isa = XCBuildConfiguration;
			buildSettings = {
				ALWAYS_SEARCH_USER_PATHS = NO;
				CLANG_ANALYZER_NONNULL = YES;
				CLANG_ANALYZER_NUMBER_OBJECT_CONVERSION = YES_AGGRESSIVE;
				CLANG_CXX_LANGUAGE_STANDARD = "gnu++14";
				CLANG_CXX_LIBRARY = "libc++";
				CLANG_ENABLE_MODULES = YES;
				CLANG_ENABLE_OBJC_ARC = YES;
				CLANG_ENABLE_OBJC_WEAK = YES;
				CLANG_WARN_BLOCK_CAPTURE_AUTORELEASING = YES;
				CLANG_WARN_BOOL_CONVERSION = YES;
				CLANG_WARN_COMMA = YES;
				CLANG_WARN_CONSTANT_CONVERSION = YES;
				CLANG_WARN_DEPRECATED_OBJC_IMPLEMENTATIONS = YES;
				CLANG_WARN_DIRECT_OBJC_ISA_USAGE = YES_ERROR;
				CLANG_WARN_DOCUMENTATION_COMMENTS = YES;
				CLANG_WARN_EMPTY_BODY = YES;
				CLANG_WARN_ENUM_CONVERSION = YES;
				CLANG_WARN_INFINITE_RECURSION = YES;
				CLANG_WARN_INT_CONVERSION = YES;
				CLANG_WARN_NON_LITERAL_NULL_CONVERSION = YES;
				CLANG_WARN_OBJC_IMPLICIT_RETAIN_SELF = YES;
				CLANG_WARN_OBJC_LITERAL_CONVERSION = YES;
				CLANG_WARN_OBJC_ROOT_CLASS = YES_ERROR;
				CLANG_WARN_RANGE_LOOP_ANALYSIS = YES;
				CLANG_WARN_STRICT_PROTOTYPES = YES;
				CLANG_WARN_SUSPICIOUS_MOVE = YES;
				CLANG_WARN_UNGUARDED_AVAILABILITY = YES_AGGRESSIVE;
				CLANG_WARN_UNREACHABLE_CODE = YES;
				CLANG_WARN__DUPLICATE_METHOD_MATCH = YES;
				COPY_PHASE_STRIP = NO;
				DEBUG_INFORMATION_FORMAT = dwarf;
				ENABLE_STRICT_OBJC_MSGSEND = YES;
				ENABLE_TESTABILITY = YES;
				GCC_C_LANGUAGE_STANDARD = gnu11;
				GCC_DYNAMIC_NO_PIC = NO;
				GCC_NO_COMMON_BLOCKS = YES;
				GCC_OPTIMIZATION_LEVEL = 0;
				GCC_PREPROCESSOR_DEFINITIONS = (
					"DEBUG=1",
					"$(inherited)",
				);
				GCC_WARN_64_TO_32_BIT_CONVERSION = YES;
				GCC_WARN_ABOUT_RETURN_TYPE = YES_ERROR;
				GCC_WARN_UNDECLARED_SELECTOR = YES;
				GCC_WARN_UNINITIALIZED_AUTOS = YES_AGGRESSIVE;
				GCC_WARN_UNUSED_FUNCTION = YES;
				GCC_WARN_UNUSED_VARIABLE = YES;
				IPHONEOS_DEPLOYMENT_TARGET = 13.1;
				MTL_ENABLE_DEBUG_INFO = INCLUDE_SOURCE;
				MTL_FAST_MATH = YES;
				ONLY_ACTIVE_ARCH = YES;
				SDKROOT = iphoneos;
			};
			name = Debug;
		};
		F30C67B023544719005BDC50 /* Release */ = {
			isa = XCBuildConfiguration;
			buildSettings = {
				ALWAYS_SEARCH_USER_PATHS = NO;
				CLANG_ANALYZER_NONNULL = YES;
				CLANG_ANALYZER_NUMBER_OBJECT_CONVERSION = YES_AGGRESSIVE;
				CLANG_CXX_LANGUAGE_STANDARD = "gnu++14";
				CLANG_CXX_LIBRARY = "libc++";
				CLANG_ENABLE_MODULES = YES;
				CLANG_ENABLE_OBJC_ARC = YES;
				CLANG_ENABLE_OBJC_WEAK = YES;
				CLANG_WARN_BLOCK_CAPTURE_AUTORELEASING = YES;
				CLANG_WARN_BOOL_CONVERSION = YES;
				CLANG_WARN_COMMA = YES;
				CLANG_WARN_CONSTANT_CONVERSION = YES;
				CLANG_WARN_DEPRECATED_OBJC_IMPLEMENTATIONS = YES;
				CLANG_WARN_DIRECT_OBJC_ISA_USAGE = YES_ERROR;
				CLANG_WARN_DOCUMENTATION_COMMENTS = YES;
				CLANG_WARN_EMPTY_BODY = YES;
				CLANG_WARN_ENUM_CONVERSION = YES;
				CLANG_WARN_INFINITE_RECURSION = YES;
				CLANG_WARN_INT_CONVERSION = YES;
				CLANG_WARN_NON_LITERAL_NULL_CONVERSION = YES;
				CLANG_WARN_OBJC_IMPLICIT_RETAIN_SELF = YES;
				CLANG_WARN_OBJC_LITERAL_CONVERSION = YES;
				CLANG_WARN_OBJC_ROOT_CLASS = YES_ERROR;
				CLANG_WARN_RANGE_LOOP_ANALYSIS = YES;
				CLANG_WARN_STRICT_PROTOTYPES = YES;
				CLANG_WARN_SUSPICIOUS_MOVE = YES;
				CLANG_WARN_UNGUARDED_AVAILABILITY = YES_AGGRESSIVE;
				CLANG_WARN_UNREACHABLE_CODE = YES;
				CLANG_WARN__DUPLICATE_METHOD_MATCH = YES;
				COPY_PHASE_STRIP = NO;
				DEBUG_INFORMATION_FORMAT = "dwarf-with-dsym";
				ENABLE_NS_ASSERTIONS = NO;
				ENABLE_STRICT_OBJC_MSGSEND = YES;
				GCC_C_LANGUAGE_STANDARD = gnu11;
				GCC_NO_COMMON_BLOCKS = YES;
				GCC_WARN_64_TO_32_BIT_CONVERSION = YES;
				GCC_WARN_ABOUT_RETURN_TYPE = YES_ERROR;
				GCC_WARN_UNDECLARED_SELECTOR = YES;
				GCC_WARN_UNINITIALIZED_AUTOS = YES_AGGRESSIVE;
				GCC_WARN_UNUSED_FUNCTION = YES;
				GCC_WARN_UNUSED_VARIABLE = YES;
				IPHONEOS_DEPLOYMENT_TARGET = 13.1;
				MTL_ENABLE_DEBUG_INFO = NO;
				MTL_FAST_MATH = YES;
				SDKROOT = iphoneos;
				VALIDATE_PRODUCT = YES;
			};
			name = Release;
		};
		F30C67B223544719005BDC50 /* Debug */ = {
			isa = XCBuildConfiguration;
			buildSettings = {
				ASSETCATALOG_COMPILER_APPICON_NAME = AppIcon;
				CODE_SIGN_STYLE = Automatic;
				INFOPLIST_FILE = webview_objectivec/Info.plist;
				LD_RUNPATH_SEARCH_PATHS = (
					"$(inherited)",
					"@executable_path/Frameworks",
				);
				PRODUCT_BUNDLE_IDENTIFIER = "triplesoft.webview-objectivec";
				PRODUCT_NAME = "$(TARGET_NAME)";
				TARGETED_DEVICE_FAMILY = "1,2";
			};
			name = Debug;
		};
		F30C67B323544719005BDC50 /* Release */ = {
			isa = XCBuildConfiguration;
			buildSettings = {
				ASSETCATALOG_COMPILER_APPICON_NAME = AppIcon;
				CODE_SIGN_STYLE = Automatic;
				INFOPLIST_FILE = webview_objectivec/Info.plist;
				LD_RUNPATH_SEARCH_PATHS = (
					"$(inherited)",
					"@executable_path/Frameworks",
				);
				PRODUCT_BUNDLE_IDENTIFIER = "triplesoft.webview-objectivec";
				PRODUCT_NAME = "$(TARGET_NAME)";
				TARGETED_DEVICE_FAMILY = "1,2";
			};
			name = Release;
		};
/* End XCBuildConfiguration section */

/* Begin XCConfigurationList section */
		F30C679323544717005BDC50 /* Build configuration list for PBXProject "webview_objectivec" */ = {
			isa = XCConfigurationList;
			buildConfigurations = (
				F30C67AF23544719005BDC50 /* Debug */,
				F30C67B023544719005BDC50 /* Release */,
			);
			defaultConfigurationIsVisible = 0;
			defaultConfigurationName = Release;
		};
		F30C67B123544719005BDC50 /* Build configuration list for PBXNativeTarget "webview_objectivec" */ = {
			isa = XCConfigurationList;
			buildConfigurations = (
				F30C67B223544719005BDC50 /* Debug */,
				F30C67B323544719005BDC50 /* Release */,
			);
			defaultConfigurationIsVisible = 0;
			defaultConfigurationName = Release;
		};
/* End XCConfigurationList section */
	};
	rootObject = F30C679023544717005BDC50 /* Project object */;
}
